
Microsoft Visual Studio Solution File, Format Version 12.00
# Visual Studio Version 16
VisualStudioVersion = 16.0.29905.134
MinimumVisualStudioVersion = 10.0.40219.1
Project("{8BC9CEB8-8B4A-11D0-8D11-00A0C91BC942}") = "DustyShock3D", "DustyShock3D.vcxproj", "{01270A73-7816-46FA-8B87-C830F80E8680}"
EndProject
Global
	GlobalSection(SolutionConfigurationPlatforms) = preSolution
		Debug|x64 = Debug|x64
		Release|x64 = Release|x64
	EndGlobalSection
	GlobalSection(ProjectConfigurationPlatforms) = postSolution
		{01270A73-7816-46FA-8B87-C830F80E8680}.Debug|x64.ActiveCfg = Debug|x64
		{01270A73-7816-46FA-8B87-C830F80E8680}.Debug|x64.Build.0 = Debug|x64
		{01270A73-7816-46FA-8B87-C830F80E8680}.Release|x64.ActiveCfg = Release|x64
		{01270A73-7816-46FA-8B87-C830F80E8680}.Release|x64.Build.0 = Release|x64
	EndGlobalSection
	GlobalSection(SolutionProperties) = preSolution
		HideSolutionNode = FALSE
	EndGlobalSection
	GlobalSection(ExtensibilityGlobals) = postSolution
		SolutionGuid = {0D7B039E-C34E-418D-8202-C89F38C52571}
	EndGlobalSection
EndGlobal
